
Microsoft Visual Studio Solution File, Format Version 12.00
# Visual Studio Version 17
VisualStudioVersion = 17.7.34003.232
MinimumVisualStudioVersion = 10.0.40219.1
Project("{9A19103F-16F7-4668-BE54-9A1E7A4F7556}") = "projetoeclipseworks.api", "src\projetoeclipseworks.api\projetoeclipseworks.api.csproj", "{1C1ED596-74EC-45F0-BDBC-E9ACA00D5826}"
EndProject
Project("{9A19103F-16F7-4668-BE54-9A1E7A4F7556}") = "projetoeclipseworks.application", "src\projetoeclipseworks.application\projetoeclipseworks.application.csproj", "{FFEB017C-FC43-4889-98D4-60D41D9A67E5}"
EndProject
Project("{9A19103F-16F7-4668-BE54-9A1E7A4F7556}") = "projetoeclipseworks.dados", "src\projetoeclipseworks.dados\projetoeclipseworks.dados.csproj", "{7C3D6BA2-F0C1-4A6A-A788-0601FBCB295A}"
EndProject
Project("{9A19103F-16F7-4668-BE54-9A1E7A4F7556}") = "projetoeclipseworks.test", "src\projetoeclipseworks.test\projetoeclipseworks.test.csproj", "{17D3EA2F-AA14-45B5-893F-DC917218D119}"
EndProject
Global
	GlobalSection(SolutionConfigurationPlatforms) = preSolution
		Debug|Any CPU = Debug|Any CPU
		Release|Any CPU = Release|Any CPU
	EndGlobalSection
	GlobalSection(ProjectConfigurationPlatforms) = postSolution
		{1C1ED596-74EC-45F0-BDBC-E9ACA00D5826}.Debug|Any CPU.ActiveCfg = Debug|Any CPU
		{1C1ED596-74EC-45F0-BDBC-E9ACA00D5826}.Debug|Any CPU.Build.0 = Debug|Any CPU
		{1C1ED596-74EC-45F0-BDBC-E9ACA00D5826}.Release|Any CPU.ActiveCfg = Release|Any CPU
		{1C1ED596-74EC-45F0-BDBC-E9ACA00D5826}.Release|Any CPU.Build.0 = Release|Any CPU
		{FFEB017C-FC43-4889-98D4-60D41D9A67E5}.Debug|Any CPU.ActiveCfg = Debug|Any CPU
		{FFEB017C-FC43-4889-98D4-60D41D9A67E5}.Debug|Any CPU.Build.0 = Debug|Any CPU
		{FFEB017C-FC43-4889-98D4-60D41D9A67E5}.Release|Any CPU.ActiveCfg = Release|Any CPU
		{FFEB017C-FC43-4889-98D4-60D41D9A67E5}.Release|Any CPU.Build.0 = Release|Any CPU
		{7C3D6BA2-F0C1-4A6A-A788-0601FBCB295A}.Debug|Any CPU.ActiveCfg = Debug|Any CPU
		{7C3D6BA2-F0C1-4A6A-A788-0601FBCB295A}.Debug|Any CPU.Build.0 = Debug|Any CPU
		{7C3D6BA2-F0C1-4A6A-A788-0601FBCB295A}.Release|Any CPU.ActiveCfg = Release|Any CPU
		{7C3D6BA2-F0C1-4A6A-A788-0601FBCB295A}.Release|Any CPU.Build.0 = Release|Any CPU
		{17D3EA2F-AA14-45B5-893F-DC917218D119}.Debug|Any CPU.ActiveCfg = Debug|Any CPU
		{17D3EA2F-AA14-45B5-893F-DC917218D119}.Debug|Any CPU.Build.0 = Debug|Any CPU
		{17D3EA2F-AA14-45B5-893F-DC917218D119}.Release|Any CPU.ActiveCfg = Release|Any CPU
		{17D3EA2F-AA14-45B5-893F-DC917218D119}.Release|Any CPU.Build.0 = Release|Any CPU
	EndGlobalSection
	GlobalSection(SolutionProperties) = preSolution
		HideSolutionNode = FALSE
	EndGlobalSection
	GlobalSection(ExtensibilityGlobals) = postSolution
		SolutionGuid = {7D09DD54-DBE0-4330-BC8D-F8AE6685B585}
	EndGlobalSection
EndGlobal
